{
  "name": "startbootstrap-business-frontpage-gh-pages",
  "lockfileVersion": 2,
  "requires": true,
  "packages": {
    "": {
      "dependencies": {
        "bootstrap-icons": "^1.8.2"
      }
    },
    "node_modules/bootstrap-icons": {
      "version": "1.8.2",
      "resolved": "https://registry.npmjs.org/bootstrap-icons/-/bootstrap-icons-1.8.2.tgz",
      "integrity": "sha512-jhNjdPzvUqKOr9o0XhCZAZDWVeuOg6mJHtSj2bhiqfamZVg6ekMYNgG7pRY4GItbjIwrTaht3dNbXGbX3eJNLQ=="
    }
  },
  "dependencies": {
    "bootstrap-icons": {
      "version": "1.8.2",
      "resolved": "https://registry.npmjs.org/bootstrap-icons/-/bootstrap-icons-1.8.2.tgz",
      "integrity": "sha512-jhNjdPzvUqKOr9o0XhCZAZDWVeuOg6mJHtSj2bhiqfamZVg6ekMYNgG7pRY4GItbjIwrTaht3dNbXGbX3eJNLQ=="
    }
  }
}
